
Microsoft Visual Studio Solution File, Format Version 12.00
# Visual Studio Version 17
VisualStudioVersion = 17.10.34928.147
MinimumVisualStudioVersion = 10.0.40219.1
Project("{FAE04EC0-301F-11D3-BF4B-00C04F79EFBC}") = "WebAPIConsumingApp", "WebAPIConsumingApp\WebAPIConsumingApp.csproj", "{9EF2FC4F-5662-44C9-8571-9F8293404A70}"
EndProject
Global
	GlobalSection(SolutionConfigurationPlatforms) = preSolution
		Debug|Any CPU = Debug|Any CPU
		Release|Any CPU = Release|Any CPU
	EndGlobalSection
	GlobalSection(ProjectConfigurationPlatforms) = postSolution
		{9EF2FC4F-5662-44C9-8571-9F8293404A70}.Debug|Any CPU.ActiveCfg = Debug|Any CPU
		{9EF2FC4F-5662-44C9-8571-9F8293404A70}.Debug|Any CPU.Build.0 = Debug|Any CPU
		{9EF2FC4F-5662-44C9-8571-9F8293404A70}.Release|Any CPU.ActiveCfg = Release|Any CPU
		{9EF2FC4F-5662-44C9-8571-9F8293404A70}.Release|Any CPU.Build.0 = Release|Any CPU
	EndGlobalSection
	GlobalSection(SolutionProperties) = preSolution
		HideSolutionNode = FALSE
	EndGlobalSection
	GlobalSection(ExtensibilityGlobals) = postSolution
		SolutionGuid = {87CC6A22-4B80-4CCC-9DAE-F178A2EC81CF}
	EndGlobalSection
EndGlobal
